
Microsoft Visual Studio Solution File, Format Version 12.00
# Visual Studio Version 16
VisualStudioVersion = 25.0.1703.1
MinimumVisualStudioVersion = 10.0.40219.1
Project("{FAE04EC0-301F-11D3-BF4B-00C04F79EFBC}") = "BulkyBookWeb", "BulkyBookWeb\BulkyBookWeb.csproj", "{B2700A3A-4E56-4BE3-AE0F-376860D0B30C}"
EndProject
Project("{FAE04EC0-301F-11D3-BF4B-00C04F79EFBC}") = "BulkyBook.DataAccess", "BulkyBook.DataAccess\BulkyBook.DataAccess.csproj", "{24ED7D99-40C4-44EA-8325-C76D0A5727A2}"
EndProject
Project("{FAE04EC0-301F-11D3-BF4B-00C04F79EFBC}") = "BulkyBook.Models", "BulkyBook.Models\BulkyBook.Models.csproj", "{68E400DF-D332-4B9F-8DB6-4FD528FE0BEB}"
EndProject
Project("{FAE04EC0-301F-11D3-BF4B-00C04F79EFBC}") = "BulkyBook.Utility", "BulkyBook.Utility\BulkyBook.Utility.csproj", "{E40C6F26-9575-4ABD-8CC8-5F3C75B9AD2F}"
EndProject
Project("{E53339B2-1760-4266-BCC7-CA923CBCF16C}") = "docker-compose", "docker-compose.dcproj", "{FBC758A7-B248-490D-85C8-5DBB7427AF8A}"
EndProject
Global
	GlobalSection(SolutionConfigurationPlatforms) = preSolution
		Debug|Any CPU = Debug|Any CPU
		Release|Any CPU = Release|Any CPU
	EndGlobalSection
	GlobalSection(ProjectConfigurationPlatforms) = postSolution
		{B2700A3A-4E56-4BE3-AE0F-376860D0B30C}.Debug|Any CPU.ActiveCfg = Debug|Any CPU
		{B2700A3A-4E56-4BE3-AE0F-376860D0B30C}.Debug|Any CPU.Build.0 = Debug|Any CPU
		{B2700A3A-4E56-4BE3-AE0F-376860D0B30C}.Release|Any CPU.ActiveCfg = Release|Any CPU
		{B2700A3A-4E56-4BE3-AE0F-376860D0B30C}.Release|Any CPU.Build.0 = Release|Any CPU
		{24ED7D99-40C4-44EA-8325-C76D0A5727A2}.Debug|Any CPU.ActiveCfg = Debug|Any CPU
		{24ED7D99-40C4-44EA-8325-C76D0A5727A2}.Debug|Any CPU.Build.0 = Debug|Any CPU
		{24ED7D99-40C4-44EA-8325-C76D0A5727A2}.Release|Any CPU.ActiveCfg = Release|Any CPU
		{24ED7D99-40C4-44EA-8325-C76D0A5727A2}.Release|Any CPU.Build.0 = Release|Any CPU
		{68E400DF-D332-4B9F-8DB6-4FD528FE0BEB}.Debug|Any CPU.ActiveCfg = Debug|Any CPU
		{68E400DF-D332-4B9F-8DB6-4FD528FE0BEB}.Debug|Any CPU.Build.0 = Debug|Any CPU
		{68E400DF-D332-4B9F-8DB6-4FD528FE0BEB}.Release|Any CPU.ActiveCfg = Release|Any CPU
		{68E400DF-D332-4B9F-8DB6-4FD528FE0BEB}.Release|Any CPU.Build.0 = Release|Any CPU
		{E40C6F26-9575-4ABD-8CC8-5F3C75B9AD2F}.Debug|Any CPU.ActiveCfg = Debug|Any CPU
		{E40C6F26-9575-4ABD-8CC8-5F3C75B9AD2F}.Debug|Any CPU.Build.0 = Debug|Any CPU
		{E40C6F26-9575-4ABD-8CC8-5F3C75B9AD2F}.Release|Any CPU.ActiveCfg = Release|Any CPU
		{E40C6F26-9575-4ABD-8CC8-5F3C75B9AD2F}.Release|Any CPU.Build.0 = Release|Any CPU
		{FBC758A7-B248-490D-85C8-5DBB7427AF8A}.Debug|Any CPU.ActiveCfg = Debug|Any CPU
		{FBC758A7-B248-490D-85C8-5DBB7427AF8A}.Debug|Any CPU.Build.0 = Debug|Any CPU
		{FBC758A7-B248-490D-85C8-5DBB7427AF8A}.Release|Any CPU.ActiveCfg = Release|Any CPU
		{FBC758A7-B248-490D-85C8-5DBB7427AF8A}.Release|Any CPU.Build.0 = Release|Any CPU
	EndGlobalSection
	GlobalSection(SolutionProperties) = preSolution
		HideSolutionNode = FALSE
	EndGlobalSection
	GlobalSection(ExtensibilityGlobals) = postSolution
		SolutionGuid = {7CEAA124-7A58-44DD-9320-41F85B81DB0A}
	EndGlobalSection
EndGlobal
